
Microsoft Visual Studio Solution File, Format Version 12.00
# Visual Studio Version 16
VisualStudioVersion = 16.0.30711.63
MinimumVisualStudioVersion = 10.0.40219.1
Project("{9A19103F-16F7-4668-BE54-9A1E7A4F7556}") = "Picture 1", "Calculator\Picture 1.csproj", "{21D93B16-EB0F-4D86-8F9D-2FC360C9420F}"
EndProject
Project("{9A19103F-16F7-4668-BE54-9A1E7A4F7556}") = "DoubleArray", "DoubleArray\DoubleArray.csproj", "{29E5163B-97A8-4CE8-ACB4-82794E28AF10}"
EndProject
Project("{9A19103F-16F7-4668-BE54-9A1E7A4F7556}") = "Recursia", "Recursia\Recursia.csproj", "{89BBD8F6-092C-4DA2-90CC-3A7BB1218987}"
EndProject
Project("{9A19103F-16F7-4668-BE54-9A1E7A4F7556}") = "Picture 2", "Picture 2\Picture 2.csproj", "{93C303CD-BE3E-4C38-A03D-7B531DC8FC79}"
EndProject
Project("{9A19103F-16F7-4668-BE54-9A1E7A4F7556}") = "Sortirovka", "Sortirovka\Sortirovka.csproj", "{9505777E-0C8F-43D3-A376-F63BB8C3A5CE}"
EndProject
Global
	GlobalSection(SolutionConfigurationPlatforms) = preSolution
		Debug|Any CPU = Debug|Any CPU
		Release|Any CPU = Release|Any CPU
	EndGlobalSection
	GlobalSection(ProjectConfigurationPlatforms) = postSolution
		{21D93B16-EB0F-4D86-8F9D-2FC360C9420F}.Debug|Any CPU.ActiveCfg = Debug|Any CPU
		{21D93B16-EB0F-4D86-8F9D-2FC360C9420F}.Debug|Any CPU.Build.0 = Debug|Any CPU
		{21D93B16-EB0F-4D86-8F9D-2FC360C9420F}.Release|Any CPU.ActiveCfg = Release|Any CPU
		{21D93B16-EB0F-4D86-8F9D-2FC360C9420F}.Release|Any CPU.Build.0 = Release|Any CPU
		{29E5163B-97A8-4CE8-ACB4-82794E28AF10}.Debug|Any CPU.ActiveCfg = Debug|Any CPU
		{29E5163B-97A8-4CE8-ACB4-82794E28AF10}.Debug|Any CPU.Build.0 = Debug|Any CPU
		{29E5163B-97A8-4CE8-ACB4-82794E28AF10}.Release|Any CPU.ActiveCfg = Release|Any CPU
		{29E5163B-97A8-4CE8-ACB4-82794E28AF10}.Release|Any CPU.Build.0 = Release|Any CPU
		{89BBD8F6-092C-4DA2-90CC-3A7BB1218987}.Debug|Any CPU.ActiveCfg = Debug|Any CPU
		{89BBD8F6-092C-4DA2-90CC-3A7BB1218987}.Debug|Any CPU.Build.0 = Debug|Any CPU
		{89BBD8F6-092C-4DA2-90CC-3A7BB1218987}.Release|Any CPU.ActiveCfg = Release|Any CPU
		{89BBD8F6-092C-4DA2-90CC-3A7BB1218987}.Release|Any CPU.Build.0 = Release|Any CPU
		{93C303CD-BE3E-4C38-A03D-7B531DC8FC79}.Debug|Any CPU.ActiveCfg = Debug|Any CPU
		{93C303CD-BE3E-4C38-A03D-7B531DC8FC79}.Debug|Any CPU.Build.0 = Debug|Any CPU
		{93C303CD-BE3E-4C38-A03D-7B531DC8FC79}.Release|Any CPU.ActiveCfg = Release|Any CPU
		{93C303CD-BE3E-4C38-A03D-7B531DC8FC79}.Release|Any CPU.Build.0 = Release|Any CPU
		{9505777E-0C8F-43D3-A376-F63BB8C3A5CE}.Debug|Any CPU.ActiveCfg = Debug|Any CPU
		{9505777E-0C8F-43D3-A376-F63BB8C3A5CE}.Debug|Any CPU.Build.0 = Debug|Any CPU
		{9505777E-0C8F-43D3-A376-F63BB8C3A5CE}.Release|Any CPU.ActiveCfg = Release|Any CPU
		{9505777E-0C8F-43D3-A376-F63BB8C3A5CE}.Release|Any CPU.Build.0 = Release|Any CPU
	EndGlobalSection
	GlobalSection(SolutionProperties) = preSolution
		HideSolutionNode = FALSE
	EndGlobalSection
	GlobalSection(ExtensibilityGlobals) = postSolution
		SolutionGuid = {3BB44510-07F4-426E-BE6C-3A999352D42C}
	EndGlobalSection
EndGlobal
